
Microsoft Visual Studio Solution File, Format Version 11.00
# Visual Studio 2010
Project("{F184B08F-C81C-45F6-A57F-5ABD9991F28F}") = "simpleDoWhileLoop", "simpleDoWhileLoop\simpleDoWhileLoop.vbproj", "{718E5F53-A19B-4ED5-96A9-4353A694EB02}"
EndProject
Global
	GlobalSection(SolutionConfigurationPlatforms) = preSolution
		Debug|x86 = Debug|x86
		Release|x86 = Release|x86
	EndGlobalSection
	GlobalSection(ProjectConfigurationPlatforms) = postSolution
		{718E5F53-A19B-4ED5-96A9-4353A694EB02}.Debug|x86.ActiveCfg = Debug|x86
		{718E5F53-A19B-4ED5-96A9-4353A694EB02}.Debug|x86.Build.0 = Debug|x86
		{718E5F53-A19B-4ED5-96A9-4353A694EB02}.Release|x86.ActiveCfg = Release|x86
		{718E5F53-A19B-4ED5-96A9-4353A694EB02}.Release|x86.Build.0 = Release|x86
	EndGlobalSection
	GlobalSection(SolutionProperties) = preSolution
		HideSolutionNode = FALSE
	EndGlobalSection
EndGlobal
