
Microsoft Visual Studio Solution File, Format Version 11.00
# Visual Studio 2010
Project("{F184B08F-C81C-45F6-A57F-5ABD9991F28F}") = "HighestOfTwoNumber", "HighestOfTwoNumber\HighestOfTwoNumber.vbproj", "{ECBE4849-AE8D-4940-AAD4-EE57A64FBABC}"
EndProject
Global
	GlobalSection(SolutionConfigurationPlatforms) = preSolution
		Debug|x86 = Debug|x86
		Release|x86 = Release|x86
	EndGlobalSection
	GlobalSection(ProjectConfigurationPlatforms) = postSolution
		{ECBE4849-AE8D-4940-AAD4-EE57A64FBABC}.Debug|x86.ActiveCfg = Debug|x86
		{ECBE4849-AE8D-4940-AAD4-EE57A64FBABC}.Debug|x86.Build.0 = Debug|x86
		{ECBE4849-AE8D-4940-AAD4-EE57A64FBABC}.Release|x86.ActiveCfg = Release|x86
		{ECBE4849-AE8D-4940-AAD4-EE57A64FBABC}.Release|x86.Build.0 = Release|x86
	EndGlobalSection
	GlobalSection(SolutionProperties) = preSolution
		HideSolutionNode = FALSE
	EndGlobalSection
EndGlobal
